// !$*UTF8*$!
{
	archiveVersion = 1;
	classes = {
	};
	objectVersion = 50;
	objects = {

/* Begin PBXBuildFile section */
		B0B6B2D9259142BA00AE8352 /* AppDelegate.swift in Sources */ = {isa = PBXBuildFile; fileRef = B0B6B2D8259142BA00AE8352 /* AppDelegate.swift */; };
		B0B6B2DB259142BA00AE8352 /* SceneDelegate.swift in Sources */ = {isa = PBXBuildFile; fileRef = B0B6B2DA259142BA00AE8352 /* SceneDelegate.swift */; };
		B0B6B2DD259142BA00AE8352 /* OperationsViewController.swift in Sources */ = {isa = PBXBuildFile; fileRef = B0B6B2DC259142BA00AE8352 /* OperationsViewController.swift */; };
		B0B6B2E2259142BC00AE8352 /* Assets.xcassets in Resources */ = {isa = PBXBuildFile; fileRef = B0B6B2E1259142BC00AE8352 /* Assets.xcassets */; };
		B0B6B2E5259142BC00AE8352 /* LaunchScreen.storyboard in Resources */ = {isa = PBXBuildFile; fileRef = B0B6B2E3259142BC00AE8352 /* LaunchScreen.storyboard */; };
		B0B6B31E2591434A00AE8352 /* Stylesheet.swift in Sources */ = {isa = PBXBuildFile; fileRef = B0B6B3152591434A00AE8352 /* Stylesheet.swift */; };
		B0B6B31F2591434A00AE8352 /* ControllerTransitionStyle.swift in Sources */ = {isa = PBXBuildFile; fileRef = B0B6B3172591434A00AE8352 /* ControllerTransitionStyle.swift */; };
		B0B6B3202591434A00AE8352 /* Coordinator.swift in Sources */ = {isa = PBXBuildFile; fileRef = B0B6B3182591434A00AE8352 /* Coordinator.swift */; };
		B0B6B3212591434A00AE8352 /* Then.swift in Sources */ = {isa = PBXBuildFile; fileRef = B0B6B3192591434A00AE8352 /* Then.swift */; };
		B0B6B3222591434A00AE8352 /* View.swift in Sources */ = {isa = PBXBuildFile; fileRef = B0B6B31B2591434A00AE8352 /* View.swift */; };
		B0B6B3232591434A00AE8352 /* ViewController.swift in Sources */ = {isa = PBXBuildFile; fileRef = B0B6B31D2591434A00AE8352 /* ViewController.swift */; };
		B0B6B3342591437100AE8352 /* UIColor+Creation.swift in Sources */ = {isa = PBXBuildFile; fileRef = B0B6B32A2591437100AE8352 /* UIColor+Creation.swift */; };
		B0B6B3352591437100AE8352 /* UIView+Utils.swift in Sources */ = {isa = PBXBuildFile; fileRef = B0B6B32C2591437100AE8352 /* UIView+Utils.swift */; };
		B0B6B3362591437100AE8352 /* UINavigationController+Utils.swift in Sources */ = {isa = PBXBuildFile; fileRef = B0B6B32E2591437100AE8352 /* UINavigationController+Utils.swift */; };
		B0B6B3372591437100AE8352 /* UIStackView+Utils.swift in Sources */ = {isa = PBXBuildFile; fileRef = B0B6B3302591437100AE8352 /* UIStackView+Utils.swift */; };
		B0B6B3382591437100AE8352 /* Array+Utils.swift in Sources */ = {isa = PBXBuildFile; fileRef = B0B6B3332591437100AE8352 /* Array+Utils.swift */; };
		B0B6B3912591463F00AE8352 /* OperationsView.swift in Sources */ = {isa = PBXBuildFile; fileRef = B0B6B3902591463F00AE8352 /* OperationsView.swift */; };
		B0B6B3942591465000AE8352 /* OperationsCoordinator.swift in Sources */ = {isa = PBXBuildFile; fileRef = B0B6B3932591465000AE8352 /* OperationsCoordinator.swift */; };
		B0B6B3972591465900AE8352 /* OperationsPresenter.swift in Sources */ = {isa = PBXBuildFile; fileRef = B0B6B3962591465900AE8352 /* OperationsPresenter.swift */; };
		B0B6B39B259147C600AE8352 /* RootCoordinator.swift in Sources */ = {isa = PBXBuildFile; fileRef = B0B6B39A259147C600AE8352 /* RootCoordinator.swift */; };
		B0B6B39F2591515900AE8352 /* BasicInfoCoordinator.swift in Sources */ = {isa = PBXBuildFile; fileRef = B0B6B39E2591515900AE8352 /* BasicInfoCoordinator.swift */; };
		B0B6B3A32591516500AE8352 /* BasicInfoViewController.swift in Sources */ = {isa = PBXBuildFile; fileRef = B0B6B3A22591516500AE8352 /* BasicInfoViewController.swift */; };
		B0B6B3A62591516C00AE8352 /* BasicInfoView.swift in Sources */ = {isa = PBXBuildFile; fileRef = B0B6B3A52591516C00AE8352 /* BasicInfoView.swift */; };
		B0B6B3A92591517600AE8352 /* BasicInfoPresenter.swift in Sources */ = {isa = PBXBuildFile; fileRef = B0B6B3A82591517600AE8352 /* BasicInfoPresenter.swift */; };
		B0B6B3B02591547900AE8352 /* IncrementCounterViewController.swift in Sources */ = {isa = PBXBuildFile; fileRef = B0B6B3AC2591547900AE8352 /* IncrementCounterViewController.swift */; };
		B0B6B3B12591547900AE8352 /* IncrementCounterCoordinator.swift in Sources */ = {isa = PBXBuildFile; fileRef = B0B6B3AD2591547900AE8352 /* IncrementCounterCoordinator.swift */; };
		B0B6B3B22591547900AE8352 /* IncrementCounterView.swift in Sources */ = {isa = PBXBuildFile; fileRef = B0B6B3AE2591547900AE8352 /* IncrementCounterView.swift */; };
		B0B6B3B32591547900AE8352 /* IncrementCounterPresenter.swift in Sources */ = {isa = PBXBuildFile; fileRef = B0B6B3AF2591547900AE8352 /* IncrementCounterPresenter.swift */; };
		B0B6B3BE259156DC00AE8352 /* ResultCounterPresenter.swift in Sources */ = {isa = PBXBuildFile; fileRef = B0B6B3BA259156DC00AE8352 /* ResultCounterPresenter.swift */; };
		B0B6B3BF259156DC00AE8352 /* ResultCounterView.swift in Sources */ = {isa = PBXBuildFile; fileRef = B0B6B3BB259156DC00AE8352 /* ResultCounterView.swift */; };
		B0B6B3C0259156DC00AE8352 /* ResultCounterViewController.swift in Sources */ = {isa = PBXBuildFile; fileRef = B0B6B3BC259156DC00AE8352 /* ResultCounterViewController.swift */; };
		B0B6B3C1259156DC00AE8352 /* ResultCounterCoordinator.swift in Sources */ = {isa = PBXBuildFile; fileRef = B0B6B3BD259156DC00AE8352 /* ResultCounterCoordinator.swift */; };
		B0B6B3C92591644C00AE8352 /* BasicInfoViewModel.swift in Sources */ = {isa = PBXBuildFile; fileRef = B0B6B3C82591644C00AE8352 /* BasicInfoViewModel.swift */; };
		B0B6B3CC2591E09400AE8352 /* OperationsCoordinator+Subcoordinators.swift in Sources */ = {isa = PBXBuildFile; fileRef = B0B6B3CB2591E09400AE8352 /* OperationsCoordinator+Subcoordinators.swift */; };
/* End PBXBuildFile section */

/* Begin PBXFileReference section */
		B0B6B2D5259142B900AE8352 /* TestSubCoordinators.app */ = {isa = PBXFileReference; explicitFileType = wrapper.application; includeInIndex = 0; path = TestSubCoordinators.app; sourceTree = BUILT_PRODUCTS_DIR; };
		B0B6B2D8259142BA00AE8352 /* AppDelegate.swift */ = {isa = PBXFileReference; lastKnownFileType = sourcecode.swift; path = AppDelegate.swift; sourceTree = "<group>"; };
		B0B6B2DA259142BA00AE8352 /* SceneDelegate.swift */ = {isa = PBXFileReference; lastKnownFileType = sourcecode.swift; path = SceneDelegate.swift; sourceTree = "<group>"; };
		B0B6B2DC259142BA00AE8352 /* OperationsViewController.swift */ = {isa = PBXFileReference; lastKnownFileType = sourcecode.swift; path = OperationsViewController.swift; sourceTree = "<group>"; };
		B0B6B2E1259142BC00AE8352 /* Assets.xcassets */ = {isa = PBXFileReference; lastKnownFileType = folder.assetcatalog; path = Assets.xcassets; sourceTree = "<group>"; };
		B0B6B2E4259142BC00AE8352 /* Base */ = {isa = PBXFileReference; lastKnownFileType = file.storyboard; name = Base; path = Base.lproj/LaunchScreen.storyboard; sourceTree = "<group>"; };
		B0B6B2E6259142BC00AE8352 /* Info.plist */ = {isa = PBXFileReference; lastKnownFileType = text.plist.xml; path = Info.plist; sourceTree = "<group>"; };
		B0B6B3152591434A00AE8352 /* Stylesheet.swift */ = {isa = PBXFileReference; fileEncoding = 4; lastKnownFileType = sourcecode.swift; path = Stylesheet.swift; sourceTree = "<group>"; };
		B0B6B3172591434A00AE8352 /* ControllerTransitionStyle.swift */ = {isa = PBXFileReference; fileEncoding = 4; lastKnownFileType = sourcecode.swift; path = ControllerTransitionStyle.swift; sourceTree = "<group>"; };
		B0B6B3182591434A00AE8352 /* Coordinator.swift */ = {isa = PBXFileReference; fileEncoding = 4; lastKnownFileType = sourcecode.swift; path = Coordinator.swift; sourceTree = "<group>"; };
		B0B6B3192591434A00AE8352 /* Then.swift */ = {isa = PBXFileReference; fileEncoding = 4; lastKnownFileType = sourcecode.swift; path = Then.swift; sourceTree = "<group>"; };
		B0B6B31B2591434A00AE8352 /* View.swift */ = {isa = PBXFileReference; fileEncoding = 4; lastKnownFileType = sourcecode.swift; path = View.swift; sourceTree = "<group>"; };
		B0B6B31D2591434A00AE8352 /* ViewController.swift */ = {isa = PBXFileReference; fileEncoding = 4; lastKnownFileType = sourcecode.swift; path = ViewController.swift; sourceTree = "<group>"; };
		B0B6B32A2591437100AE8352 /* UIColor+Creation.swift */ = {isa = PBXFileReference; fileEncoding = 4; lastKnownFileType = sourcecode.swift; path = "UIColor+Creation.swift"; sourceTree = "<group>"; };
		B0B6B32C2591437100AE8352 /* UIView+Utils.swift */ = {isa = PBXFileReference; fileEncoding = 4; lastKnownFileType = sourcecode.swift; path = "UIView+Utils.swift"; sourceTree = "<group>"; };
		B0B6B32E2591437100AE8352 /* UINavigationController+Utils.swift */ = {isa = PBXFileReference; fileEncoding = 4; lastKnownFileType = sourcecode.swift; path = "UINavigationController+Utils.swift"; sourceTree = "<group>"; };
		B0B6B3302591437100AE8352 /* UIStackView+Utils.swift */ = {isa = PBXFileReference; fileEncoding = 4; lastKnownFileType = sourcecode.swift; path = "UIStackView+Utils.swift"; sourceTree = "<group>"; };
		B0B6B3332591437100AE8352 /* Array+Utils.swift */ = {isa = PBXFileReference; fileEncoding = 4; lastKnownFileType = sourcecode.swift; path = "Array+Utils.swift"; sourceTree = "<group>"; };
		B0B6B3902591463F00AE8352 /* OperationsView.swift */ = {isa = PBXFileReference; lastKnownFileType = sourcecode.swift; path = OperationsView.swift; sourceTree = "<group>"; };
		B0B6B3932591465000AE8352 /* OperationsCoordinator.swift */ = {isa = PBXFileReference; lastKnownFileType = sourcecode.swift; path = OperationsCoordinator.swift; sourceTree = "<group>"; };
		B0B6B3962591465900AE8352 /* OperationsPresenter.swift */ = {isa = PBXFileReference; lastKnownFileType = sourcecode.swift; path = OperationsPresenter.swift; sourceTree = "<group>"; };
		B0B6B39A259147C600AE8352 /* RootCoordinator.swift */ = {isa = PBXFileReference; lastKnownFileType = sourcecode.swift; path = RootCoordinator.swift; sourceTree = "<group>"; };
		B0B6B39E2591515900AE8352 /* BasicInfoCoordinator.swift */ = {isa = PBXFileReference; lastKnownFileType = sourcecode.swift; path = BasicInfoCoordinator.swift; sourceTree = "<group>"; };
		B0B6B3A22591516500AE8352 /* BasicInfoViewController.swift */ = {isa = PBXFileReference; lastKnownFileType = sourcecode.swift; path = BasicInfoViewController.swift; sourceTree = "<group>"; };
		B0B6B3A52591516C00AE8352 /* BasicInfoView.swift */ = {isa = PBXFileReference; lastKnownFileType = sourcecode.swift; path = BasicInfoView.swift; sourceTree = "<group>"; };
		B0B6B3A82591517600AE8352 /* BasicInfoPresenter.swift */ = {isa = PBXFileReference; lastKnownFileType = sourcecode.swift; path = BasicInfoPresenter.swift; sourceTree = "<group>"; };
		B0B6B3AC2591547900AE8352 /* IncrementCounterViewController.swift */ = {isa = PBXFileReference; fileEncoding = 4; lastKnownFileType = sourcecode.swift; path = IncrementCounterViewController.swift; sourceTree = "<group>"; };
		B0B6B3AD2591547900AE8352 /* IncrementCounterCoordinator.swift */ = {isa = PBXFileReference; fileEncoding = 4; lastKnownFileType = sourcecode.swift; path = IncrementCounterCoordinator.swift; sourceTree = "<group>"; };
		B0B6B3AE2591547900AE8352 /* IncrementCounterView.swift */ = {isa = PBXFileReference; fileEncoding = 4; lastKnownFileType = sourcecode.swift; path = IncrementCounterView.swift; sourceTree = "<group>"; };
		B0B6B3AF2591547900AE8352 /* IncrementCounterPresenter.swift */ = {isa = PBXFileReference; fileEncoding = 4; lastKnownFileType = sourcecode.swift; path = IncrementCounterPresenter.swift; sourceTree = "<group>"; };
		B0B6B3BA259156DC00AE8352 /* ResultCounterPresenter.swift */ = {isa = PBXFileReference; fileEncoding = 4; lastKnownFileType = sourcecode.swift; path = ResultCounterPresenter.swift; sourceTree = "<group>"; };
		B0B6B3BB259156DC00AE8352 /* ResultCounterView.swift */ = {isa = PBXFileReference; fileEncoding = 4; lastKnownFileType = sourcecode.swift; path = ResultCounterView.swift; sourceTree = "<group>"; };
		B0B6B3BC259156DC00AE8352 /* ResultCounterViewController.swift */ = {isa = PBXFileReference; fileEncoding = 4; lastKnownFileType = sourcecode.swift; path = ResultCounterViewController.swift; sourceTree = "<group>"; };
		B0B6B3BD259156DC00AE8352 /* ResultCounterCoordinator.swift */ = {isa = PBXFileReference; fileEncoding = 4; lastKnownFileType = sourcecode.swift; path = ResultCounterCoordinator.swift; sourceTree = "<group>"; };
		B0B6B3C82591644C00AE8352 /* BasicInfoViewModel.swift */ = {isa = PBXFileReference; lastKnownFileType = sourcecode.swift; path = BasicInfoViewModel.swift; sourceTree = "<group>"; };
		B0B6B3CB2591E09400AE8352 /* OperationsCoordinator+Subcoordinators.swift */ = {isa = PBXFileReference; lastKnownFileType = sourcecode.swift; path = "OperationsCoordinator+Subcoordinators.swift"; sourceTree = "<group>"; };
/* End PBXFileReference section */

/* Begin PBXFrameworksBuildPhase section */
		B0B6B2D2259142B900AE8352 /* Frameworks */ = {
			isa = PBXFrameworksBuildPhase;
			buildActionMask = 2147483647;
			files = (
			);
			runOnlyForDeploymentPostprocessing = 0;
		};
/* End PBXFrameworksBuildPhase section */

/* Begin PBXGroup section */
		B0B6B2CC259142B900AE8352 = {
			isa = PBXGroup;
			children = (
				B0B6B2D7259142BA00AE8352 /* TestSubCoordinators */,
				B0B6B2D6259142B900AE8352 /* Products */,
			);
			sourceTree = "<group>";
		};
		B0B6B2D6259142B900AE8352 /* Products */ = {
			isa = PBXGroup;
			children = (
				B0B6B2D5259142B900AE8352 /* TestSubCoordinators.app */,
			);
			name = Products;
			sourceTree = "<group>";
		};
		B0B6B2D7259142BA00AE8352 /* TestSubCoordinators */ = {
			isa = PBXGroup;
			children = (
				B0B6B2D8259142BA00AE8352 /* AppDelegate.swift */,
				B0B6B2DA259142BA00AE8352 /* SceneDelegate.swift */,
				B0B6B39A259147C600AE8352 /* RootCoordinator.swift */,
				B0B6B3272591437100AE8352 /* Extensions */,
				B0B6B3142591434A00AE8352 /* Common */,
				B0B6B30C259142F900AE8352 /* Scenes */,
				B0B6B2E1259142BC00AE8352 /* Assets.xcassets */,
				B0B6B2E3259142BC00AE8352 /* LaunchScreen.storyboard */,
				B0B6B2E6259142BC00AE8352 /* Info.plist */,
			);
			path = TestSubCoordinators;
			sourceTree = "<group>";
		};
		B0B6B30C259142F900AE8352 /* Scenes */ = {
			isa = PBXGroup;
			children = (
				B0B6B3B52591552A00AE8352 /* Result */,
				B0B6B3AB2591540A00AE8352 /* IncrementCounter */,
				B0B6B39D2591513C00AE8352 /* BasicInfo */,
				B0B6B30D259142FF00AE8352 /* Operations */,
			);
			path = Scenes;
			sourceTree = "<group>";
		};
		B0B6B30D259142FF00AE8352 /* Operations */ = {
			isa = PBXGroup;
			children = (
				B0B6B3932591465000AE8352 /* OperationsCoordinator.swift */,
				B0B6B3CB2591E09400AE8352 /* OperationsCoordinator+Subcoordinators.swift */,
				B0B6B2DC259142BA00AE8352 /* OperationsViewController.swift */,
				B0B6B3902591463F00AE8352 /* OperationsView.swift */,
				B0B6B3962591465900AE8352 /* OperationsPresenter.swift */,
			);
			path = Operations;
			sourceTree = "<group>";
		};
		B0B6B3142591434A00AE8352 /* Common */ = {
			isa = PBXGroup;
			children = (
				B0B6B3152591434A00AE8352 /* Stylesheet.swift */,
				B0B6B3162591434A00AE8352 /* Coordinator */,
				B0B6B3192591434A00AE8352 /* Then.swift */,
				B0B6B31A2591434A00AE8352 /* View */,
				B0B6B31C2591434A00AE8352 /* ViewController */,
			);
			path = Common;
			sourceTree = "<group>";
		};
		B0B6B3162591434A00AE8352 /* Coordinator */ = {
			isa = PBXGroup;
			children = (
				B0B6B3172591434A00AE8352 /* ControllerTransitionStyle.swift */,
				B0B6B3182591434A00AE8352 /* Coordinator.swift */,
			);
			path = Coordinator;
			sourceTree = "<group>";
		};
		B0B6B31A2591434A00AE8352 /* View */ = {
			isa = PBXGroup;
			children = (
				B0B6B31B2591434A00AE8352 /* View.swift */,
			);
			path = View;
			sourceTree = "<group>";
		};
		B0B6B31C2591434A00AE8352 /* ViewController */ = {
			isa = PBXGroup;
			children = (
				B0B6B31D2591434A00AE8352 /* ViewController.swift */,
			);
			path = ViewController;
			sourceTree = "<group>";
		};
		B0B6B3272591437100AE8352 /* Extensions */ = {
			isa = PBXGroup;
			children = (
				B0B6B3282591437100AE8352 /* UIKit */,
				B0B6B3312591437100AE8352 /* Foundation */,
			);
			path = Extensions;
			sourceTree = "<group>";
		};
		B0B6B3282591437100AE8352 /* UIKit */ = {
			isa = PBXGroup;
			children = (
				B0B6B3292591437100AE8352 /* UIColor */,
				B0B6B32B2591437100AE8352 /* UIView */,
				B0B6B32D2591437100AE8352 /* UINavigationController */,
				B0B6B32F2591437100AE8352 /* UIStackView */,
			);
			path = UIKit;
			sourceTree = "<group>";
		};
		B0B6B3292591437100AE8352 /* UIColor */ = {
			isa = PBXGroup;
			children = (
				B0B6B32A2591437100AE8352 /* UIColor+Creation.swift */,
			);
			path = UIColor;
			sourceTree = "<group>";
		};
		B0B6B32B2591437100AE8352 /* UIView */ = {
			isa = PBXGroup;
			children = (
				B0B6B32C2591437100AE8352 /* UIView+Utils.swift */,
			);
			path = UIView;
			sourceTree = "<group>";
		};
		B0B6B32D2591437100AE8352 /* UINavigationController */ = {
			isa = PBXGroup;
			children = (
				B0B6B32E2591437100AE8352 /* UINavigationController+Utils.swift */,
			);
			path = UINavigationController;
			sourceTree = "<group>";
		};
		B0B6B32F2591437100AE8352 /* UIStackView */ = {
			isa = PBXGroup;
			children = (
				B0B6B3302591437100AE8352 /* UIStackView+Utils.swift */,
			);
			path = UIStackView;
			sourceTree = "<group>";
		};
		B0B6B3312591437100AE8352 /* Foundation */ = {
			isa = PBXGroup;
			children = (
				B0B6B3322591437100AE8352 /* Array */,
			);
			path = Foundation;
			sourceTree = "<group>";
		};
		B0B6B3322591437100AE8352 /* Array */ = {
			isa = PBXGroup;
			children = (
				B0B6B3332591437100AE8352 /* Array+Utils.swift */,
			);
			path = Array;
			sourceTree = "<group>";
		};
		B0B6B39D2591513C00AE8352 /* BasicInfo */ = {
			isa = PBXGroup;
			children = (
				B0B6B39E2591515900AE8352 /* BasicInfoCoordinator.swift */,
				B0B6B3A22591516500AE8352 /* BasicInfoViewController.swift */,
				B0B6B3A52591516C00AE8352 /* BasicInfoView.swift */,
				B0B6B3A82591517600AE8352 /* BasicInfoPresenter.swift */,
				B0B6B3C82591644C00AE8352 /* BasicInfoViewModel.swift */,
			);
			path = BasicInfo;
			sourceTree = "<group>";
		};
		B0B6B3AB2591540A00AE8352 /* IncrementCounter */ = {
			isa = PBXGroup;
			children = (
				B0B6B3AD2591547900AE8352 /* IncrementCounterCoordinator.swift */,
				B0B6B3AF2591547900AE8352 /* IncrementCounterPresenter.swift */,
				B0B6B3AE2591547900AE8352 /* IncrementCounterView.swift */,
				B0B6B3AC2591547900AE8352 /* IncrementCounterViewController.swift */,
			);
			path = IncrementCounter;
			sourceTree = "<group>";
		};
		B0B6B3B52591552A00AE8352 /* Result */ = {
			isa = PBXGroup;
			children = (
				B0B6B3BD259156DC00AE8352 /* ResultCounterCoordinator.swift */,
				B0B6B3BA259156DC00AE8352 /* ResultCounterPresenter.swift */,
				B0B6B3BB259156DC00AE8352 /* ResultCounterView.swift */,
				B0B6B3BC259156DC00AE8352 /* ResultCounterViewController.swift */,
			);
			path = Result;
			sourceTree = "<group>";
		};
/* End PBXGroup section */

/* Begin PBXNativeTarget section */
		B0B6B2D4259142B900AE8352 /* TestSubCoordinators */ = {
			isa = PBXNativeTarget;
			buildConfigurationList = B0B6B2FF259142BD00AE8352 /* Build configuration list for PBXNativeTarget "TestSubCoordinators" */;
			buildPhases = (
				B0B6B2D1259142B900AE8352 /* Sources */,
				B0B6B2D2259142B900AE8352 /* Frameworks */,
				B0B6B2D3259142B900AE8352 /* Resources */,
			);
			buildRules = (
			);
			dependencies = (
			);
			name = TestSubCoordinators;
			productName = TestSubCoordinators;
			productReference = B0B6B2D5259142B900AE8352 /* TestSubCoordinators.app */;
			productType = "com.apple.product-type.application";
		};
/* End PBXNativeTarget section */

/* Begin PBXProject section */
		B0B6B2CD259142B900AE8352 /* Project object */ = {
			isa = PBXProject;
			attributes = {
				LastSwiftUpdateCheck = 1200;
				LastUpgradeCheck = 1200;
				TargetAttributes = {
					B0B6B2D4259142B900AE8352 = {
						CreatedOnToolsVersion = 12.0.1;
					};
				};
			};
			buildConfigurationList = B0B6B2D0259142B900AE8352 /* Build configuration list for PBXProject "TestSubCoordinators" */;
			compatibilityVersion = "Xcode 9.3";
			developmentRegion = en;
			hasScannedForEncodings = 0;
			knownRegions = (
				en,
				Base,
			);
			mainGroup = B0B6B2CC259142B900AE8352;
			productRefGroup = B0B6B2D6259142B900AE8352 /* Products */;
			projectDirPath = "";
			projectRoot = "";
			targets = (
				B0B6B2D4259142B900AE8352 /* TestSubCoordinators */,
			);
		};
/* End PBXProject section */

/* Begin PBXResourcesBuildPhase section */
		B0B6B2D3259142B900AE8352 /* Resources */ = {
			isa = PBXResourcesBuildPhase;
			buildActionMask = 2147483647;
			files = (
				B0B6B2E5259142BC00AE8352 /* LaunchScreen.storyboard in Resources */,
				B0B6B2E2259142BC00AE8352 /* Assets.xcassets in Resources */,
			);
			runOnlyForDeploymentPostprocessing = 0;
		};
/* End PBXResourcesBuildPhase section */

/* Begin PBXSourcesBuildPhase section */
		B0B6B2D1259142B900AE8352 /* Sources */ = {
			isa = PBXSourcesBuildPhase;
			buildActionMask = 2147483647;
			files = (
				B0B6B3342591437100AE8352 /* UIColor+Creation.swift in Sources */,
				B0B6B3222591434A00AE8352 /* View.swift in Sources */,
				B0B6B2DD259142BA00AE8352 /* OperationsViewController.swift in Sources */,
				B0B6B3BE259156DC00AE8352 /* ResultCounterPresenter.swift in Sources */,
				B0B6B3B22591547900AE8352 /* IncrementCounterView.swift in Sources */,
				B0B6B3912591463F00AE8352 /* OperationsView.swift in Sources */,
				B0B6B31E2591434A00AE8352 /* Stylesheet.swift in Sources */,
				B0B6B3A32591516500AE8352 /* BasicInfoViewController.swift in Sources */,
				B0B6B3BF259156DC00AE8352 /* ResultCounterView.swift in Sources */,
				B0B6B3372591437100AE8352 /* UIStackView+Utils.swift in Sources */,
				B0B6B3C1259156DC00AE8352 /* ResultCounterCoordinator.swift in Sources */,
				B0B6B3B02591547900AE8352 /* IncrementCounterViewController.swift in Sources */,
				B0B6B3A92591517600AE8352 /* BasicInfoPresenter.swift in Sources */,
				B0B6B3382591437100AE8352 /* Array+Utils.swift in Sources */,
				B0B6B3232591434A00AE8352 /* ViewController.swift in Sources */,
				B0B6B3202591434A00AE8352 /* Coordinator.swift in Sources */,
				B0B6B3972591465900AE8352 /* OperationsPresenter.swift in Sources */,
				B0B6B3A62591516C00AE8352 /* BasicInfoView.swift in Sources */,
				B0B6B31F2591434A00AE8352 /* ControllerTransitionStyle.swift in Sources */,
				B0B6B3B12591547900AE8352 /* IncrementCounterCoordinator.swift in Sources */,
				B0B6B3B32591547900AE8352 /* IncrementCounterPresenter.swift in Sources */,
				B0B6B2D9259142BA00AE8352 /* AppDelegate.swift in Sources */,
				B0B6B2DB259142BA00AE8352 /* SceneDelegate.swift in Sources */,
				B0B6B3212591434A00AE8352 /* Then.swift in Sources */,
				B0B6B39F2591515900AE8352 /* BasicInfoCoordinator.swift in Sources */,
				B0B6B3C0259156DC00AE8352 /* ResultCounterViewController.swift in Sources */,
				B0B6B3CC2591E09400AE8352 /* OperationsCoordinator+Subcoordinators.swift in Sources */,
				B0B6B3352591437100AE8352 /* UIView+Utils.swift in Sources */,
				B0B6B3942591465000AE8352 /* OperationsCoordinator.swift in Sources */,
				B0B6B39B259147C600AE8352 /* RootCoordinator.swift in Sources */,
				B0B6B3362591437100AE8352 /* UINavigationController+Utils.swift in Sources */,
				B0B6B3C92591644C00AE8352 /* BasicInfoViewModel.swift in Sources */,
			);
			runOnlyForDeploymentPostprocessing = 0;
		};
/* End PBXSourcesBuildPhase section */

/* Begin PBXVariantGroup section */
		B0B6B2E3259142BC00AE8352 /* LaunchScreen.storyboard */ = {
			isa = PBXVariantGroup;
			children = (
				B0B6B2E4259142BC00AE8352 /* Base */,
			);
			name = LaunchScreen.storyboard;
			sourceTree = "<group>";
		};
/* End PBXVariantGroup section */

/* Begin XCBuildConfiguration section */
		B0B6B2FD259142BD00AE8352 /* Debug */ = {
			isa = XCBuildConfiguration;
			buildSettings = {
				ALWAYS_SEARCH_USER_PATHS = NO;
				CLANG_ANALYZER_NONNULL = YES;
				CLANG_ANALYZER_NUMBER_OBJECT_CONVERSION = YES_AGGRESSIVE;
				CLANG_CXX_LANGUAGE_STANDARD = "gnu++14";
				CLANG_CXX_LIBRARY = "libc++";
				CLANG_ENABLE_MODULES = YES;
				CLANG_ENABLE_OBJC_ARC = YES;
				CLANG_ENABLE_OBJC_WEAK = YES;
				CLANG_WARN_BLOCK_CAPTURE_AUTORELEASING = YES;
				CLANG_WARN_BOOL_CONVERSION = YES;
				CLANG_WARN_COMMA = YES;
				CLANG_WARN_CONSTANT_CONVERSION = YES;
				CLANG_WARN_DEPRECATED_OBJC_IMPLEMENTATIONS = YES;
				CLANG_WARN_DIRECT_OBJC_ISA_USAGE = YES_ERROR;
				CLANG_WARN_DOCUMENTATION_COMMENTS = YES;
				CLANG_WARN_EMPTY_BODY = YES;
				CLANG_WARN_ENUM_CONVERSION = YES;
				CLANG_WARN_INFINITE_RECURSION = YES;
				CLANG_WARN_INT_CONVERSION = YES;
				CLANG_WARN_NON_LITERAL_NULL_CONVERSION = YES;
				CLANG_WARN_OBJC_IMPLICIT_RETAIN_SELF = YES;
				CLANG_WARN_OBJC_LITERAL_CONVERSION = YES;
				CLANG_WARN_OBJC_ROOT_CLASS = YES_ERROR;
				CLANG_WARN_QUOTED_INCLUDE_IN_FRAMEWORK_HEADER = YES;
				CLANG_WARN_RANGE_LOOP_ANALYSIS = YES;
				CLANG_WARN_STRICT_PROTOTYPES = YES;
				CLANG_WARN_SUSPICIOUS_MOVE = YES;
				CLANG_WARN_UNGUARDED_AVAILABILITY = YES_AGGRESSIVE;
				CLANG_WARN_UNREACHABLE_CODE = YES;
				CLANG_WARN__DUPLICATE_METHOD_MATCH = YES;
				COPY_PHASE_STRIP = NO;
				DEBUG_INFORMATION_FORMAT = dwarf;
				ENABLE_STRICT_OBJC_MSGSEND = YES;
				ENABLE_TESTABILITY = YES;
				GCC_C_LANGUAGE_STANDARD = gnu11;
				GCC_DYNAMIC_NO_PIC = NO;
				GCC_NO_COMMON_BLOCKS = YES;
				GCC_OPTIMIZATION_LEVEL = 0;
				GCC_PREPROCESSOR_DEFINITIONS = (
					"DEBUG=1",
					"$(inherited)",
				);
				GCC_WARN_64_TO_32_BIT_CONVERSION = YES;
				GCC_WARN_ABOUT_RETURN_TYPE = YES_ERROR;
				GCC_WARN_UNDECLARED_SELECTOR = YES;
				GCC_WARN_UNINITIALIZED_AUTOS = YES_AGGRESSIVE;
				GCC_WARN_UNUSED_FUNCTION = YES;
				GCC_WARN_UNUSED_VARIABLE = YES;
				IPHONEOS_DEPLOYMENT_TARGET = 14.0;
				MTL_ENABLE_DEBUG_INFO = INCLUDE_SOURCE;
				MTL_FAST_MATH = YES;
				ONLY_ACTIVE_ARCH = YES;
				SDKROOT = iphoneos;
				SWIFT_ACTIVE_COMPILATION_CONDITIONS = DEBUG;
				SWIFT_OPTIMIZATION_LEVEL = "-Onone";
			};
			name = Debug;
		};
		B0B6B2FE259142BD00AE8352 /* Release */ = {
			isa = XCBuildConfiguration;
			buildSettings = {
				ALWAYS_SEARCH_USER_PATHS = NO;
				CLANG_ANALYZER_NONNULL = YES;
				CLANG_ANALYZER_NUMBER_OBJECT_CONVERSION = YES_AGGRESSIVE;
				CLANG_CXX_LANGUAGE_STANDARD = "gnu++14";
				CLANG_CXX_LIBRARY = "libc++";
				CLANG_ENABLE_MODULES = YES;
				CLANG_ENABLE_OBJC_ARC = YES;
				CLANG_ENABLE_OBJC_WEAK = YES;
				CLANG_WARN_BLOCK_CAPTURE_AUTORELEASING = YES;
				CLANG_WARN_BOOL_CONVERSION = YES;
				CLANG_WARN_COMMA = YES;
				CLANG_WARN_CONSTANT_CONVERSION = YES;
				CLANG_WARN_DEPRECATED_OBJC_IMPLEMENTATIONS = YES;
				CLANG_WARN_DIRECT_OBJC_ISA_USAGE = YES_ERROR;
				CLANG_WARN_DOCUMENTATION_COMMENTS = YES;
				CLANG_WARN_EMPTY_BODY = YES;
				CLANG_WARN_ENUM_CONVERSION = YES;
				CLANG_WARN_INFINITE_RECURSION = YES;
				CLANG_WARN_INT_CONVERSION = YES;
				CLANG_WARN_NON_LITERAL_NULL_CONVERSION = YES;
				CLANG_WARN_OBJC_IMPLICIT_RETAIN_SELF = YES;
				CLANG_WARN_OBJC_LITERAL_CONVERSION = YES;
				CLANG_WARN_OBJC_ROOT_CLASS = YES_ERROR;
				CLANG_WARN_QUOTED_INCLUDE_IN_FRAMEWORK_HEADER = YES;
				CLANG_WARN_RANGE_LOOP_ANALYSIS = YES;
				CLANG_WARN_STRICT_PROTOTYPES = YES;
				CLANG_WARN_SUSPICIOUS_MOVE = YES;
				CLANG_WARN_UNGUARDED_AVAILABILITY = YES_AGGRESSIVE;
				CLANG_WARN_UNREACHABLE_CODE = YES;
				CLANG_WARN__DUPLICATE_METHOD_MATCH = YES;
				COPY_PHASE_STRIP = NO;
				DEBUG_INFORMATION_FORMAT = "dwarf-with-dsym";
				ENABLE_NS_ASSERTIONS = NO;
				ENABLE_STRICT_OBJC_MSGSEND = YES;
				GCC_C_LANGUAGE_STANDARD = gnu11;
				GCC_NO_COMMON_BLOCKS = YES;
				GCC_WARN_64_TO_32_BIT_CONVERSION = YES;
				GCC_WARN_ABOUT_RETURN_TYPE = YES_ERROR;
				GCC_WARN_UNDECLARED_SELECTOR = YES;
				GCC_WARN_UNINITIALIZED_AUTOS = YES_AGGRESSIVE;
				GCC_WARN_UNUSED_FUNCTION = YES;
				GCC_WARN_UNUSED_VARIABLE = YES;
				IPHONEOS_DEPLOYMENT_TARGET = 14.0;
				MTL_ENABLE_DEBUG_INFO = NO;
				MTL_FAST_MATH = YES;
				SDKROOT = iphoneos;
				SWIFT_COMPILATION_MODE = wholemodule;
				SWIFT_OPTIMIZATION_LEVEL = "-O";
				VALIDATE_PRODUCT = YES;
			};
			name = Release;
		};
		B0B6B300259142BD00AE8352 /* Debug */ = {
			isa = XCBuildConfiguration;
			buildSettings = {
				ASSETCATALOG_COMPILER_APPICON_NAME = AppIcon;
				ASSETCATALOG_COMPILER_GLOBAL_ACCENT_COLOR_NAME = AccentColor;
				CODE_SIGN_STYLE = Automatic;
				INFOPLIST_FILE = TestSubCoordinators/Info.plist;
				LD_RUNPATH_SEARCH_PATHS = (
					"$(inherited)",
					"@executable_path/Frameworks",
				);
				PRODUCT_BUNDLE_IDENTIFIER = com.josepbordes.TestSubCoordinators;
				PRODUCT_NAME = "$(TARGET_NAME)";
				SWIFT_VERSION = 5.0;
				TARGETED_DEVICE_FAMILY = "1,2";
			};
			name = Debug;
		};
		B0B6B301259142BD00AE8352 /* Release */ = {
			isa = XCBuildConfiguration;
			buildSettings = {
				ASSETCATALOG_COMPILER_APPICON_NAME = AppIcon;
				ASSETCATALOG_COMPILER_GLOBAL_ACCENT_COLOR_NAME = AccentColor;
				CODE_SIGN_STYLE = Automatic;
				INFOPLIST_FILE = TestSubCoordinators/Info.plist;
				LD_RUNPATH_SEARCH_PATHS = (
					"$(inherited)",
					"@executable_path/Frameworks",
				);
				PRODUCT_BUNDLE_IDENTIFIER = com.josepbordes.TestSubCoordinators;
				PRODUCT_NAME = "$(TARGET_NAME)";
				SWIFT_VERSION = 5.0;
				TARGETED_DEVICE_FAMILY = "1,2";
			};
			name = Release;
		};
/* End XCBuildConfiguration section */

/* Begin XCConfigurationList section */
		B0B6B2D0259142B900AE8352 /* Build configuration list for PBXProject "TestSubCoordinators" */ = {
			isa = XCConfigurationList;
			buildConfigurations = (
				B0B6B2FD259142BD00AE8352 /* Debug */,
				B0B6B2FE259142BD00AE8352 /* Release */,
			);
			defaultConfigurationIsVisible = 0;
			defaultConfigurationName = Release;
		};
		B0B6B2FF259142BD00AE8352 /* Build configuration list for PBXNativeTarget "TestSubCoordinators" */ = {
			isa = XCConfigurationList;
			buildConfigurations = (
				B0B6B300259142BD00AE8352 /* Debug */,
				B0B6B301259142BD00AE8352 /* Release */,
			);
			defaultConfigurationIsVisible = 0;
			defaultConfigurationName = Release;
		};
/* End XCConfigurationList section */
	};
	rootObject = B0B6B2CD259142B900AE8352 /* Project object */;
}
